memo = "af4477f123f9ec41ee956450570f9bed12f5a8484830d746997057f38c1b1e3c"

[[projects]]
  branch = "master"
  name = "github.com/lib/pq"
  packages = [".","oid"]
  revision = "2704adc878c21e1329f46f6e56a1c387d788ff94"

[[projects]]
  name = "github.com/pkg/errors"
  packages = ["."]
  revision = "645ef00459ed84a119197bfb8d8205042c6df63d"
  version = "v0.8.0"

[[projects]]
  name = "github.com/urfave/negroni"
  packages = ["."]
  revision = "fde5e16d32adc7ad637e9cd9ad21d4ebc6192535"
  version = "v0.2.0"
